
Microsoft Visual Studio Solution File, Format Version 12.00
# Visual Studio Version 17
VisualStudioVersion = 17.7.34024.191
MinimumVisualStudioVersion = 10.0.40219.1
Project("{9A19103F-16F7-4668-BE54-9A1E7A4F7556}") = "Application", "Application\Application.csproj", "{B5177F7F-D1C2-43C6-AF61-DA0C9453DBC8}"
EndProject
Project("{9A19103F-16F7-4668-BE54-9A1E7A4F7556}") = "BusinessObject", "BusinessObject\BusinessObject.csproj", "{E876B56B-0D7E-4140-BE38-77F6824CD6CE}"
EndProject
Project("{9A19103F-16F7-4668-BE54-9A1E7A4F7556}") = "Library", "Library\Library.csproj", "{2237D542-9DF5-4BA2-BD44-0379727202F6}"
EndProject
Project("{2150E333-8FDC-42A3-9474-1A3956D46DE8}") = "BussinessObject", "BussinessObject", "{6BB0E485-77F2-4769-B470-01220D4DEE0E}"
EndProject
Project("{2150E333-8FDC-42A3-9474-1A3956D46DE8}") = "DataAccess", "DataAccess", "{B0A0A1BF-828E-42ED-9477-9A81D340F281}"
EndProject
Project("{2150E333-8FDC-42A3-9474-1A3956D46DE8}") = "WebAPI", "WebAPI", "{E099DA7C-C4C5-40CC-88A3-4E5281470D2C}"
EndProject
Project("{9A19103F-16F7-4668-BE54-9A1E7A4F7556}") = "API_SYSTEM", "WebApplication1\API_SYSTEM.csproj", "{EE8249D5-8426-48B2-82F0-5416E8371B41}"
EndProject
Project("{9A19103F-16F7-4668-BE54-9A1E7A4F7556}") = "USER_WEB_APP", "USER_WEB_APP\USER_WEB_APP.csproj", "{2F63E710-A166-4C0D-8FDB-4A9872C1964B}"
EndProject
Project("{9A19103F-16F7-4668-BE54-9A1E7A4F7556}") = "ADMIN_WEB_APP", "ADMIN_WEB_APP\ADMIN_WEB_APP.csproj", "{F646F19F-E490-41C6-9D38-AB37B990C0EF}"
EndProject
Project("{2150E333-8FDC-42A3-9474-1A3956D46DE8}") = "WebClient", "WebClient", "{249AD4AB-257B-4C9A-A000-05E4444B0AF2}"
EndProject
Global
	GlobalSection(SolutionConfigurationPlatforms) = preSolution
		Debug|Any CPU = Debug|Any CPU
		Release|Any CPU = Release|Any CPU
	EndGlobalSection
	GlobalSection(ProjectConfigurationPlatforms) = postSolution
		{B5177F7F-D1C2-43C6-AF61-DA0C9453DBC8}.Debug|Any CPU.ActiveCfg = Debug|Any CPU
		{B5177F7F-D1C2-43C6-AF61-DA0C9453DBC8}.Debug|Any CPU.Build.0 = Debug|Any CPU
		{B5177F7F-D1C2-43C6-AF61-DA0C9453DBC8}.Release|Any CPU.ActiveCfg = Release|Any CPU
		{B5177F7F-D1C2-43C6-AF61-DA0C9453DBC8}.Release|Any CPU.Build.0 = Release|Any CPU
		{E876B56B-0D7E-4140-BE38-77F6824CD6CE}.Debug|Any CPU.ActiveCfg = Debug|Any CPU
		{E876B56B-0D7E-4140-BE38-77F6824CD6CE}.Debug|Any CPU.Build.0 = Debug|Any CPU
		{E876B56B-0D7E-4140-BE38-77F6824CD6CE}.Release|Any CPU.ActiveCfg = Release|Any CPU
		{E876B56B-0D7E-4140-BE38-77F6824CD6CE}.Release|Any CPU.Build.0 = Release|Any CPU
		{2237D542-9DF5-4BA2-BD44-0379727202F6}.Debug|Any CPU.ActiveCfg = Debug|Any CPU
		{2237D542-9DF5-4BA2-BD44-0379727202F6}.Debug|Any CPU.Build.0 = Debug|Any CPU
		{2237D542-9DF5-4BA2-BD44-0379727202F6}.Release|Any CPU.ActiveCfg = Release|Any CPU
		{2237D542-9DF5-4BA2-BD44-0379727202F6}.Release|Any CPU.Build.0 = Release|Any CPU
		{EE8249D5-8426-48B2-82F0-5416E8371B41}.Debug|Any CPU.ActiveCfg = Debug|Any CPU
		{EE8249D5-8426-48B2-82F0-5416E8371B41}.Debug|Any CPU.Build.0 = Debug|Any CPU
		{EE8249D5-8426-48B2-82F0-5416E8371B41}.Release|Any CPU.ActiveCfg = Release|Any CPU
		{EE8249D5-8426-48B2-82F0-5416E8371B41}.Release|Any CPU.Build.0 = Release|Any CPU
		{2F63E710-A166-4C0D-8FDB-4A9872C1964B}.Debug|Any CPU.ActiveCfg = Debug|Any CPU
		{2F63E710-A166-4C0D-8FDB-4A9872C1964B}.Debug|Any CPU.Build.0 = Debug|Any CPU
		{2F63E710-A166-4C0D-8FDB-4A9872C1964B}.Release|Any CPU.ActiveCfg = Release|Any CPU
		{2F63E710-A166-4C0D-8FDB-4A9872C1964B}.Release|Any CPU.Build.0 = Release|Any CPU
		{F646F19F-E490-41C6-9D38-AB37B990C0EF}.Debug|Any CPU.ActiveCfg = Debug|Any CPU
		{F646F19F-E490-41C6-9D38-AB37B990C0EF}.Debug|Any CPU.Build.0 = Debug|Any CPU
		{F646F19F-E490-41C6-9D38-AB37B990C0EF}.Release|Any CPU.ActiveCfg = Release|Any CPU
		{F646F19F-E490-41C6-9D38-AB37B990C0EF}.Release|Any CPU.Build.0 = Release|Any CPU
	EndGlobalSection
	GlobalSection(SolutionProperties) = preSolution
		HideSolutionNode = FALSE
	EndGlobalSection
	GlobalSection(NestedProjects) = preSolution
		{B5177F7F-D1C2-43C6-AF61-DA0C9453DBC8} = {B0A0A1BF-828E-42ED-9477-9A81D340F281}
		{E876B56B-0D7E-4140-BE38-77F6824CD6CE} = {6BB0E485-77F2-4769-B470-01220D4DEE0E}
		{2237D542-9DF5-4BA2-BD44-0379727202F6} = {B0A0A1BF-828E-42ED-9477-9A81D340F281}
		{EE8249D5-8426-48B2-82F0-5416E8371B41} = {E099DA7C-C4C5-40CC-88A3-4E5281470D2C}
		{2F63E710-A166-4C0D-8FDB-4A9872C1964B} = {249AD4AB-257B-4C9A-A000-05E4444B0AF2}
		{F646F19F-E490-41C6-9D38-AB37B990C0EF} = {249AD4AB-257B-4C9A-A000-05E4444B0AF2}
	EndGlobalSection
	GlobalSection(ExtensibilityGlobals) = postSolution
		SolutionGuid = {365C1BF0-FC95-4D26-8104-A80C645BA1EC}
	EndGlobalSection
EndGlobal
